# This file is automatically @generated by Poetry 1.8.3 and should not be changed by hand.

[[package]]
name = "attrs"
version = "20.3.0"
description = "Classes Without Boilerplate"
optional = false
python-versions = ">=2.7, !=3.0.*, !=3.1.*, !=3.2.*, !=3.3.*"
files = [
    {file = "attrs-20.3.0-py2.py3-none-any.whl", hash = "sha256:31b2eced602aa8423c2aea9c76a724617ed67cf9513173fd3a4f03e3a929c7e6"},
    {file = "attrs-20.3.0.tar.gz", hash = "sha256:832aa3cde19744e49938b91fea06d69ecb9e649c93ba974535d08ad92164f700"},
]

[package.extras]
dev = ["coverage[toml] (>=5.0.2)", "furo", "hypothesis", "pre-commit", "pympler", "pytest (>=4.3.0)", "six", "sphinx", "zope.interface"]
docs = ["furo", "sphinx", "zope.interface"]
tests = ["coverage[toml] (>=5.0.2)", "hypothesis", "pympler", "pytest (>=4.3.0)", "six", "zope.interface"]
tests-no-zope = ["coverage[toml] (>=5.0.2)", "hypothesis", "pympler", "pytest (>=4.3.0)", "six"]

[[package]]
name = "enum34"
version = "1.1.10"
description = "Python 3.4 Enum backported to 3.3, 3.2, 3.1, 2.7, 2.6, 2.5, and 2.4"
optional = false
python-versions = "*"
files = [
    {file = "enum34-1.1.10-py2-none-any.whl", hash = "sha256:a98a201d6de3f2ab3db284e70a33b0f896fbf35f8086594e8c9e74b909058d53"},
    {file = "enum34-1.1.10-py3-none-any.whl", hash = "sha256:c3858660960c984d6ab0ebad691265180da2b43f07e061c0f8dca9ef3cffd328"},
    {file = "enum34-1.1.10.tar.gz", hash = "sha256:cce6a7477ed816bd2542d03d53db9f0db935dd013b70f336a95c73979289f248"},
]

[[package]]
name = "hypothesis"
version = "4.13.0"
description = "A library for property based testing"
optional = false
python-versions = ">=2.7, !=3.0.*, !=3.1.*, !=3.2.*, !=3.3.*"
files = [
    {file = "hypothesis-4.13.0-py2-none-any.whl", hash = "sha256:035d95b47651490b138fa45b3239894a60a122ab7e66b93a355b20342506cdcf"},
    {file = "hypothesis-4.13.0-py3-none-any.whl", hash = "sha256:83a5c2cae72b2b5cce13ca4e0df6cc9cc2d057b502e4c111678dae69674471dd"},
    {file = "hypothesis-4.13.0.tar.gz", hash = "sha256:1896d88507c63e55036d7ea4ca73281e1c001167f8c4f92f788dbac7bb811832"},
]

[package.dependencies]
attrs = ">=16.0.0"
enum34 = {version = "*", markers = "python_version == \"2.7\""}

[package.extras]
all = ["django (>=1.11)", "dpcontracts (>=0.4)", "lark-parser (>=0.6.5)", "numpy (>=1.9.0)", "pandas (>=0.19)", "pytest (>=3.0)", "python-dateutil (>=1.4)", "pytz", "pytz (>=2014.1)"]
dateutil = ["python-dateutil (>=1.4)"]
django = ["django (>=1.11)", "pytz"]
dpcontracts = ["dpcontracts (>=0.4)"]
lark = ["lark-parser (>=0.6.5)"]
numpy = ["numpy (>=1.9.0)"]
pandas = ["pandas (>=0.19)"]
pytest = ["pytest (>=3.0)"]
pytz = ["pytz (>=2014.1)"]

[metadata]
lock-version = "2.0"
python-versions = "*"
content-hash = "f239ea9b420c329520717e84f325067b561ed034f8191942609b78826db90816"
